dependencies:
- name: consul
  repository: https://helm.releases.hashicorp.com/
  version: 0.41.0
- name: kube-prometheus-stack
  repository: https://prometheus-community.github.io/helm-charts
  version: 34.10.0
digest: sha256:61cf9394dc626ae30f5f8fd0d4625e75cb2d69d00f6490b8f7b8cbda2afc0f69
generated: "2022-05-09T15:03:00.103797-04:00"
