{
  "name": "sample",
  "version": "0.1.0",
  "lockfileVersion": 2,
  "requires": true,
  "packages": {
    "": {
      "name": "sample",
      "version": "0.1.0",
      "hasInstallScript": true,
      "license": "MIT",
      "devDependencies": {
        "cargo-cp-artifact": "^0.1"
      }
    },
    "node_modules/cargo-cp-artifact": {
      "version": "0.1.1",
      "resolved": "https://registry.npmjs.org/cargo-cp-artifact/-/cargo-cp-artifact-0.1.1.tgz",
      "integrity": "sha512-QF+pP4WxNwE1N5Xvd/Wyf4HjVpulRWHDOvoDHsaryH/koc6UEJZt0FSLpLme7IP+lJG/0OPHCOmefqrLPmaMJA==",
      "dev": true,
      "bin": {
        "cargo-cp-artifact": "bin/cargo-cp-artifact.js"
      }
    }
  },
  "dependencies": {
    "cargo-cp-artifact": {
      "version": "0.1.1",
      "resolved": "https://registry.npmjs.org/cargo-cp-artifact/-/cargo-cp-artifact-0.1.1.tgz",
      "integrity": "sha512-QF+pP4WxNwE1N5Xvd/Wyf4HjVpulRWHDOvoDHsaryH/koc6UEJZt0FSLpLme7IP+lJG/0OPHCOmefqrLPmaMJA==",
      "dev": true
    }
  }
}
